
Microsoft Visual Studio Solution File, Format Version 12.00
# Visual Studio Version 17
VisualStudioVersion = 17.5.002.0
MinimumVisualStudioVersion = 10.0.40219.1
Project("{9A19103F-16F7-4668-BE54-9A1E7A4F7556}") = "IColorable", "IColorable.csproj", "{6349A721-7838-4634-A375-72CB8C1C4B51}"
EndProject
Global
	GlobalSection(SolutionConfigurationPlatforms) = preSolution
		Debug|Any CPU = Debug|Any CPU
		Release|Any CPU = Release|Any CPU
	EndGlobalSection
	GlobalSection(ProjectConfigurationPlatforms) = postSolution
		{6349A721-7838-4634-A375-72CB8C1C4B51}.Debug|Any CPU.ActiveCfg = Debug|Any CPU
		{6349A721-7838-4634-A375-72CB8C1C4B51}.Debug|Any CPU.Build.0 = Debug|Any CPU
		{6349A721-7838-4634-A375-72CB8C1C4B51}.Release|Any CPU.ActiveCfg = Release|Any CPU
		{6349A721-7838-4634-A375-72CB8C1C4B51}.Release|Any CPU.Build.0 = Release|Any CPU
	EndGlobalSection
	GlobalSection(SolutionProperties) = preSolution
		HideSolutionNode = FALSE
	EndGlobalSection
	GlobalSection(ExtensibilityGlobals) = postSolution
		SolutionGuid = {2D5C442C-ADDF-49BA-9A7F-B6DCAF151FF2}
	EndGlobalSection
EndGlobal
